{
  "nodes": {
    "nixpkgs": {
      "locked": {
        "lastModified": 1787498568,
        "narHash": "sha256-9i/VTdusq/+NM/tz+J1Re+ojkMB8MBf0QshnYfzHz30=",
        "owner": "NixOS",
        "repo": "nixpkgs",
        "rev": "56c02bc00adcf003215cc4bd996d6efaf4cff188",
        "type": "github"
      },
      "original": {
        "owner": "NixOS",
        "ref": "nixos-unstable",
        "repo": "nixpkgs",
        "type": "github"
      }
    },
    "rime-wanxiang-src": {
      "flake": false,
      "locked": {
        "lastModified": 1789198884,
        "narHash": "sha256-BB+KvPLjtigiJwmS+lRSlIGhDZrKimGG3t/Q5fA4Rck=",
        "owner": "amzxyz",
        "repo": "rime-wanxiang",
        "rev": "7b16e0241c734bb3e7f40c27a6373efc9c8757f4",
        "type": "github"
      },
      "original": {
        "owner": "amzxyz",
        "repo": "rime-wanxiang",
        "type": "github"
      }
    },
    "root": {
      "inputs": {
        "nixpkgs": "nixpkgs",
        "rime-wanxiang-src": "rime-wanxiang-src"
      }
    }
  },
  "root": "root",
  "version": 7
}
