{
  "nodes": {
    "nixpkgs": {
      "locked": {
        "lastModified": 1784120854,
        "narHash": "sha256-KesHgItiZPgGX740axSiQLcIQ8D24MDqNpkKYWIek8k=",
        "owner": "NixOS",
        "repo": "nixpkgs",
        "rev": "753cc8a3a87467296ddd1fa93f0cc3e81120ee46",
        "type": "github"
      },
      "original": {
        "owner": "NixOS",
        "ref": "nixos-unstable",
        "repo": "nixpkgs",
        "type": "github"
      }
    },
    "rime-wanxiang-src": {
      "flake": false,
      "locked": {
        "lastModified": 1785686051,
        "narHash": "sha256-56Iv7phHY/bcBlx6Y4KZe3zFnZOznmzMwJpFbgz5T8s=",
        "owner": "amzxyz",
        "repo": "rime-wanxiang",
        "rev": "fdda7afb218e9643f695ada5ec337ec03762751b",
        "type": "github"
      },
      "original": {
        "owner": "amzxyz",
        "repo": "rime-wanxiang",
        "type": "github"
      }
    },
    "root": {
      "inputs": {
        "nixpkgs": "nixpkgs",
        "rime-wanxiang-src": "rime-wanxiang-src"
      }
    }
  },
  "root": "root",
  "version": 7
}
