{
  "nodes": {
    "nixpkgs": {
      "locked": {
        "lastModified": 1784120854,
        "narHash": "sha256-KesHgItiZPgGX740axSiQLcIQ8D24MDqNpkKYWIek8k=",
        "owner": "NixOS",
        "repo": "nixpkgs",
        "rev": "753cc8a3a87467296ddd1fa93f0cc3e81120ee46",
        "type": "github"
      },
      "original": {
        "owner": "NixOS",
        "ref": "nixos-unstable",
        "repo": "nixpkgs",
        "type": "github"
      }
    },
    "rime-wanxiang-src": {
      "flake": false,
      "locked": {
        "lastModified": 1787617620,
        "narHash": "sha256-Up73Ci7XU8GY7lyECO9wyNxGzNrJL2jKP08eA8x4fc4=",
        "owner": "amzxyz",
        "repo": "rime-wanxiang",
        "rev": "4d338a2151a238a16313b822e5cd8fc32705f0b7",
        "type": "github"
      },
      "original": {
        "owner": "amzxyz",
        "repo": "rime-wanxiang",
        "type": "github"
      }
    },
    "root": {
      "inputs": {
        "nixpkgs": "nixpkgs",
        "rime-wanxiang-src": "rime-wanxiang-src"
      }
    }
  },
  "root": "root",
  "version": 7
}
